
Microsoft Visual Studio Solution File, Format Version 12.00
# Visual Studio Version 16
VisualStudioVersion = 16.0.29319.158
MinimumVisualStudioVersion = 10.0.40219.1
Project("{FAE04EC0-301F-11D3-BF4B-00C04F79EFBC}") = "SentimentBot", "SentimentBot\SentimentBot.csproj", "{F0E15690-8655-4F73-B947-016C60F64D92}"
EndProject
Global
	GlobalSection(SolutionConfigurationPlatforms) = preSolution
		Debug|Any CPU = Debug|Any CPU
		Release|Any CPU = Release|Any CPU
	EndGlobalSection
	GlobalSection(ProjectConfigurationPlatforms) = postSolution
		{F0E15690-8655-4F73-B947-016C60F64D92}.Debug|Any CPU.ActiveCfg = Debug|Any CPU
		{F0E15690-8655-4F73-B947-016C60F64D92}.Debug|Any CPU.Build.0 = Debug|Any CPU
		{F0E15690-8655-4F73-B947-016C60F64D92}.Release|Any CPU.ActiveCfg = Release|Any CPU
		{F0E15690-8655-4F73-B947-016C60F64D92}.Release|Any CPU.Build.0 = Release|Any CPU
	EndGlobalSection
	GlobalSection(SolutionProperties) = preSolution
		HideSolutionNode = FALSE
	EndGlobalSection
	GlobalSection(ExtensibilityGlobals) = postSolution
		SolutionGuid = {1B328B15-61D7-427C-B7FA-5E02A667F53B}
	EndGlobalSection
EndGlobal
